# This file is automatically @generated by Cargo.
# It is not intended for manual editing.
version = 4

[[package]]
name = "shared"
version = "0.1.0"

[[package]]
name = "year_2015"
version = "0.1.0"
dependencies = [
 "shared",
]

[[package]]
name = "year_2016"
version = "0.1.0"
dependencies = [
 "shared",
]

[[package]]
name = "year_2017"
version = "0.1.0"
dependencies = [
 "shared",
]

[[package]]
name = "year_2018"
version = "0.1.0"
dependencies = [
 "shared",
]

[[package]]
name = "year_2020"
version = "0.1.0"
dependencies = [
 "shared",
]

[[package]]
name = "year_2021"
version = "0.1.0"
dependencies = [
 "shared",
]

[[package]]
name = "year_2022"
version = "0.1.0"
dependencies = [
 "shared",
]

[[package]]
name = "year_2023"
version = "0.1.0"
dependencies = [
 "shared",
]

[[package]]
name = "year_2024"
version = "0.1.0"
dependencies = [
 "shared",
]
